
Microsoft Visual Studio Solution File, Format Version 12.00
# Visual Studio 2013
VisualStudioVersion = 12.0.31101.0
MinimumVisualStudioVersion = 10.0.40219.1
Project("{FAE04EC0-301F-11D3-BF4B-00C04F79EFBC}") = "DemoToolkit", "DemoToolkit\DemoToolkit.csproj", "{22E4E063-9EC5-4279-BB0F-DFE40244440D}"
EndProject
Global
	GlobalSection(SolutionConfigurationPlatforms) = preSolution
		Debug|Any CPU = Debug|Any CPU
		Debug|ARM = Debug|ARM
		Debug|x86 = Debug|x86
		Release|Any CPU = Release|Any CPU
		Release|ARM = Release|ARM
		Release|x86 = Release|x86
	EndGlobalSection
	GlobalSection(ProjectConfigurationPlatforms) = postSolution
		{22E4E063-9EC5-4279-BB0F-DFE40244440D}.Debug|Any CPU.ActiveCfg = Debug|Any CPU
		{22E4E063-9EC5-4279-BB0F-DFE40244440D}.Debug|Any CPU.Build.0 = Debug|Any CPU
		{22E4E063-9EC5-4279-BB0F-DFE40244440D}.Debug|Any CPU.Deploy.0 = Debug|Any CPU
		{22E4E063-9EC5-4279-BB0F-DFE40244440D}.Debug|ARM.ActiveCfg = Debug|ARM
		{22E4E063-9EC5-4279-BB0F-DFE40244440D}.Debug|ARM.Build.0 = Debug|ARM
		{22E4E063-9EC5-4279-BB0F-DFE40244440D}.Debug|ARM.Deploy.0 = Debug|ARM
		{22E4E063-9EC5-4279-BB0F-DFE40244440D}.Debug|x86.ActiveCfg = Debug|x86
		{22E4E063-9EC5-4279-BB0F-DFE40244440D}.Debug|x86.Build.0 = Debug|x86
		{22E4E063-9EC5-4279-BB0F-DFE40244440D}.Debug|x86.Deploy.0 = Debug|x86
		{22E4E063-9EC5-4279-BB0F-DFE40244440D}.Release|Any CPU.ActiveCfg = Release|Any CPU
		{22E4E063-9EC5-4279-BB0F-DFE40244440D}.Release|Any CPU.Build.0 = Release|Any CPU
		{22E4E063-9EC5-4279-BB0F-DFE40244440D}.Release|Any CPU.Deploy.0 = Release|Any CPU
		{22E4E063-9EC5-4279-BB0F-DFE40244440D}.Release|ARM.ActiveCfg = Release|ARM
		{22E4E063-9EC5-4279-BB0F-DFE40244440D}.Release|ARM.Build.0 = Release|ARM
		{22E4E063-9EC5-4279-BB0F-DFE40244440D}.Release|ARM.Deploy.0 = Release|ARM
		{22E4E063-9EC5-4279-BB0F-DFE40244440D}.Release|x86.ActiveCfg = Release|x86
		{22E4E063-9EC5-4279-BB0F-DFE40244440D}.Release|x86.Build.0 = Release|x86
		{22E4E063-9EC5-4279-BB0F-DFE40244440D}.Release|x86.Deploy.0 = Release|x86
	EndGlobalSection
	GlobalSection(SolutionProperties) = preSolution
		HideSolutionNode = FALSE
	EndGlobalSection
EndGlobal
